// !$*UTF8*$!
{
	archiveVersion = 1;
	classes = {
	};
	objectVersion = 46;
	objects = {

/* Begin PBXBuildFile section */
		4B07B2771DDD430100B2E5A7 /* AppDelegate.swift in Sources */ = {isa = PBXBuildFile; fileRef = 4B07B2761DDD430100B2E5A7 /* AppDelegate.swift */; };
		4B07B2791DDD430100B2E5A7 /* ViewController.swift in Sources */ = {isa = PBXBuildFile; fileRef = 4B07B2781DDD430100B2E5A7 /* ViewController.swift */; };
		4B07B27C1DDD430100B2E5A7 /* Main.storyboard in Resources */ = {isa = PBXBuildFile; fileRef = 4B07B27A1DDD430100B2E5A7 /* Main.storyboard */; };
		4B07B27E1DDD430100B2E5A7 /* Assets.xcassets in Resources */ = {isa = PBXBuildFile; fileRef = 4B07B27D1DDD430100B2E5A7 /* Assets.xcassets */; };
		4B07B2811DDD430100B2E5A7 /* LaunchScreen.storyboard in Resources */ = {isa = PBXBuildFile; fileRef = 4B07B27F1DDD430100B2E5A7 /* LaunchScreen.storyboard */; };
		4B07B28C1DDD430200B2E5A7 /* WorldClockTutorial_SwiftTests.swift in Sources */ = {isa = PBXBuildFile; fileRef = 4B07B28B1DDD430200B2E5A7 /* WorldClockTutorial_SwiftTests.swift */; };
		4B07B2971DDD430200B2E5A7 /* WorldClockTutorial_SwiftUITests.swift in Sources */ = {isa = PBXBuildFile; fileRef = 4B07B2961DDD430200B2E5A7 /* WorldClockTutorial_SwiftUITests.swift */; };
/* End PBXBuildFile section */

/* Begin PBXContainerItemProxy section */
		4B07B2881DDD430200B2E5A7 /* PBXContainerItemProxy */ = {
			isa = PBXContainerItemProxy;
			containerPortal = 4B07B26B1DDD430100B2E5A7 /* Project object */;
			proxyType = 1;
			remoteGlobalIDString = 4B07B2721DDD430100B2E5A7;
			remoteInfo = "WorldClockTutorial-Swift";
		};
		4B07B2931DDD430200B2E5A7 /* PBXContainerItemProxy */ = {
			isa = PBXContainerItemProxy;
			containerPortal = 4B07B26B1DDD430100B2E5A7 /* Project object */;
			proxyType = 1;
			remoteGlobalIDString = 4B07B2721DDD430100B2E5A7;
			remoteInfo = "WorldClockTutorial-Swift";
		};
/* End PBXContainerItemProxy section */

/* Begin PBXFileReference section */
		4B07B2731DDD430100B2E5A7 /* WorldClockTutorial-Swift.app */ = {isa = PBXFileReference; explicitFileType = wrapper.application; includeInIndex = 0; path = "WorldClockTutorial-Swift.app"; sourceTree = BUILT_PRODUCTS_DIR; };
		4B07B2761DDD430100B2E5A7 /* AppDelegate.swift */ = {isa = PBXFileReference; lastKnownFileType = sourcecode.swift; path = AppDelegate.swift; sourceTree = "<group>"; };
		4B07B2781DDD430100B2E5A7 /* ViewController.swift */ = {isa = PBXFileReference; lastKnownFileType = sourcecode.swift; path = ViewController.swift; sourceTree = "<group>"; };
		4B07B27B1DDD430100B2E5A7 /* Base */ = {isa = PBXFileReference; lastKnownFileType = file.storyboard; name = Base; path = Base.lproj/Main.storyboard; sourceTree = "<group>"; };
		4B07B27D1DDD430100B2E5A7 /* Assets.xcassets */ = {isa = PBXFileReference; lastKnownFileType = folder.assetcatalog; path = Assets.xcassets; sourceTree = "<group>"; };
		4B07B2801DDD430100B2E5A7 /* Base */ = {isa = PBXFileReference; lastKnownFileType = file.storyboard; name = Base; path = Base.lproj/LaunchScreen.storyboard; sourceTree = "<group>"; };
		4B07B2821DDD430100B2E5A7 /* Info.plist */ = {isa = PBXFileReference; lastKnownFileType = text.plist.xml; path = Info.plist; sourceTree = "<group>"; };
		4B07B2871DDD430200B2E5A7 /* WorldClockTutorial-SwiftTests.xctest */ = {isa = PBXFileReference; explicitFileType = wrapper.cfbundle; includeInIndex = 0; path = "WorldClockTutorial-SwiftTests.xctest"; sourceTree = BUILT_PRODUCTS_DIR; };
		4B07B28B1DDD430200B2E5A7 /* WorldClockTutorial_SwiftTests.swift */ = {isa = PBXFileReference; lastKnownFileType = sourcecode.swift; path = WorldClockTutorial_SwiftTests.swift; sourceTree = "<group>"; };
		4B07B28D1DDD430200B2E5A7 /* Info.plist */ = {isa = PBXFileReference; lastKnownFileType = text.plist.xml; path = Info.plist; sourceTree = "<group>"; };
		4B07B2921DDD430200B2E5A7 /* WorldClockTutorial-SwiftUITests.xctest */ = {isa = PBXFileReference; explicitFileType = wrapper.cfbundle; includeInIndex = 0; path = "WorldClockTutorial-SwiftUITests.xctest"; sourceTree = BUILT_PRODUCTS_DIR; };
		4B07B2961DDD430200B2E5A7 /* WorldClockTutorial_SwiftUITests.swift */ = {isa = PBXFileReference; lastKnownFileType = sourcecode.swift; path = WorldClockTutorial_SwiftUITests.swift; sourceTree = "<group>"; };
		4B07B2981DDD430200B2E5A7 /* Info.plist */ = {isa = PBXFileReference; lastKnownFileType = text.plist.xml; path = Info.plist; sourceTree = "<group>"; };
/* End PBXFileReference section */

/* Begin PBXFrameworksBuildPhase section */
		4B07B2701DDD430100B2E5A7 /* Frameworks */ = {
			isa = PBXFrameworksBuildPhase;
			buildActionMask = 2147483647;
			files = (
			);
			runOnlyForDeploymentPostprocessing = 0;
		};
		4B07B2841DDD430200B2E5A7 /* Frameworks */ = {
			isa = PBXFrameworksBuildPhase;
			buildActionMask = 2147483647;
			files = (
			);
			runOnlyForDeploymentPostprocessing = 0;
		};
		4B07B28F1DDD430200B2E5A7 /* Frameworks */ = {
			isa = PBXFrameworksBuildPhase;
			buildActionMask = 2147483647;
			files = (
			);
			runOnlyForDeploymentPostprocessing = 0;
		};
/* End PBXFrameworksBuildPhase section */

/* Begin PBXGroup section */
		4B07B26A1DDD430100B2E5A7 = {
			isa = PBXGroup;
			children = (
				4B07B2751DDD430100B2E5A7 /* WorldClockTutorial-Swift */,
				4B07B28A1DDD430200B2E5A7 /* WorldClockTutorial-SwiftTests */,
				4B07B2951DDD430200B2E5A7 /* WorldClockTutorial-SwiftUITests */,
				4B07B2741DDD430100B2E5A7 /* Products */,
			);
			sourceTree = "<group>";
		};
		4B07B2741DDD430100B2E5A7 /* Products */ = {
			isa = PBXGroup;
			children = (
				4B07B2731DDD430100B2E5A7 /* WorldClockTutorial-Swift.app */,
				4B07B2871DDD430200B2E5A7 /* WorldClockTutorial-SwiftTests.xctest */,
				4B07B2921DDD430200B2E5A7 /* WorldClockTutorial-SwiftUITests.xctest */,
			);
			name = Products;
			sourceTree = "<group>";
		};
		4B07B2751DDD430100B2E5A7 /* WorldClockTutorial-Swift */ = {
			isa = PBXGroup;
			children = (
				4B07B2761DDD430100B2E5A7 /* AppDelegate.swift */,
				4B07B2781DDD430100B2E5A7 /* ViewController.swift */,
				4B07B27A1DDD430100B2E5A7 /* Main.storyboard */,
				4B07B27D1DDD430100B2E5A7 /* Assets.xcassets */,
				4B07B27F1DDD430100B2E5A7 /* LaunchScreen.storyboard */,
				4B07B2821DDD430100B2E5A7 /* Info.plist */,
			);
			path = "WorldClockTutorial-Swift";
			sourceTree = "<group>";
		};
		4B07B28A1DDD430200B2E5A7 /* WorldClockTutorial-SwiftTests */ = {
			isa = PBXGroup;
			children = (
				4B07B28B1DDD430200B2E5A7 /* WorldClockTutorial_SwiftTests.swift */,
				4B07B28D1DDD430200B2E5A7 /* Info.plist */,
			);
			path = "WorldClockTutorial-SwiftTests";
			sourceTree = "<group>";
		};
		4B07B2951DDD430200B2E5A7 /* WorldClockTutorial-SwiftUITests */ = {
			isa = PBXGroup;
			children = (
				4B07B2961DDD430200B2E5A7 /* WorldClockTutorial_SwiftUITests.swift */,
				4B07B2981DDD430200B2E5A7 /* Info.plist */,
			);
			path = "WorldClockTutorial-SwiftUITests";
			sourceTree = "<group>";
		};
/* End PBXGroup section */

/* Begin PBXNativeTarget section */
		4B07B2721DDD430100B2E5A7 /* WorldClockTutorial-Swift */ = {
			isa = PBXNativeTarget;
			buildConfigurationList = 4B07B29B1DDD430200B2E5A7 /* Build configuration list for PBXNativeTarget "WorldClockTutorial-Swift" */;
			buildPhases = (
				4B07B26F1DDD430100B2E5A7 /* Sources */,
				4B07B2701DDD430100B2E5A7 /* Frameworks */,
				4B07B2711DDD430100B2E5A7 /* Resources */,
			);
			buildRules = (
			);
			dependencies = (
			);
			name = "WorldClockTutorial-Swift";
			productName = "WorldClockTutorial-Swift";
			productReference = 4B07B2731DDD430100B2E5A7 /* WorldClockTutorial-Swift.app */;
			productType = "com.apple.product-type.application";
		};
		4B07B2861DDD430200B2E5A7 /* WorldClockTutorial-SwiftTests */ = {
			isa = PBXNativeTarget;
			buildConfigurationList = 4B07B29E1DDD430200B2E5A7 /* Build configuration list for PBXNativeTarget "WorldClockTutorial-SwiftTests" */;
			buildPhases = (
				4B07B2831DDD430200B2E5A7 /* Sources */,
				4B07B2841DDD430200B2E5A7 /* Frameworks */,
				4B07B2851DDD430200B2E5A7 /* Resources */,
			);
			buildRules = (
			);
			dependencies = (
				4B07B2891DDD430200B2E5A7 /* PBXTargetDependency */,
			);
			name = "WorldClockTutorial-SwiftTests";
			productName = "WorldClockTutorial-SwiftTests";
			productReference = 4B07B2871DDD430200B2E5A7 /* WorldClockTutorial-SwiftTests.xctest */;
			productType = "com.apple.product-type.bundle.unit-test";
		};
		4B07B2911DDD430200B2E5A7 /* WorldClockTutorial-SwiftUITests */ = {
			isa = PBXNativeTarget;
			buildConfigurationList = 4B07B2A11DDD430200B2E5A7 /* Build configuration list for PBXNativeTarget "WorldClockTutorial-SwiftUITests" */;
			buildPhases = (
				4B07B28E1DDD430200B2E5A7 /* Sources */,
				4B07B28F1DDD430200B2E5A7 /* Frameworks */,
				4B07B2901DDD430200B2E5A7 /* Resources */,
			);
			buildRules = (
			);
			dependencies = (
				4B07B2941DDD430200B2E5A7 /* PBXTargetDependency */,
			);
			name = "WorldClockTutorial-SwiftUITests";
			productName = "WorldClockTutorial-SwiftUITests";
			productReference = 4B07B2921DDD430200B2E5A7 /* WorldClockTutorial-SwiftUITests.xctest */;
			productType = "com.apple.product-type.bundle.ui-testing";
		};
/* End PBXNativeTarget section */

/* Begin PBXProject section */
		4B07B26B1DDD430100B2E5A7 /* Project object */ = {
			isa = PBXProject;
			attributes = {
				LastSwiftUpdateCheck = 0810;
				LastUpgradeCheck = 0810;
				ORGANIZATIONNAME = "Jennifer A Sipila";
				TargetAttributes = {
					4B07B2721DDD430100B2E5A7 = {
						CreatedOnToolsVersion = 8.1;
						ProvisioningStyle = Automatic;
					};
					4B07B2861DDD430200B2E5A7 = {
						CreatedOnToolsVersion = 8.1;
						ProvisioningStyle = Automatic;
						TestTargetID = 4B07B2721DDD430100B2E5A7;
					};
					4B07B2911DDD430200B2E5A7 = {
						CreatedOnToolsVersion = 8.1;
						ProvisioningStyle = Automatic;
						TestTargetID = 4B07B2721DDD430100B2E5A7;
					};
				};
			};
			buildConfigurationList = 4B07B26E1DDD430100B2E5A7 /* Build configuration list for PBXProject "WorldClockTutorial-Swift" */;
			compatibilityVersion = "Xcode 3.2";
			developmentRegion = English;
			hasScannedForEncodings = 0;
			knownRegions = (
				en,
				Base,
			);
			mainGroup = 4B07B26A1DDD430100B2E5A7;
			productRefGroup = 4B07B2741DDD430100B2E5A7 /* Products */;
			projectDirPath = "";
			projectRoot = "";
			targets = (
				4B07B2721DDD430100B2E5A7 /* WorldClockTutorial-Swift */,
				4B07B2861DDD430200B2E5A7 /* WorldClockTutorial-SwiftTests */,
				4B07B2911DDD430200B2E5A7 /* WorldClockTutorial-SwiftUITests */,
			);
		};
/* End PBXProject section */

/* Begin PBXResourcesBuildPhase section */
		4B07B2711DDD430100B2E5A7 /* Resources */ = {
			isa = PBXResourcesBuildPhase;
			buildActionMask = 2147483647;
			files = (
				4B07B2811DDD430100B2E5A7 /* LaunchScreen.storyboard in Resources */,
				4B07B27E1DDD430100B2E5A7 /* Assets.xcassets in Resources */,
				4B07B27C1DDD430100B2E5A7 /* Main.storyboard in Resources */,
			);
			runOnlyForDeploymentPostprocessing = 0;
		};
		4B07B2851DDD430200B2E5A7 /* Resources */ = {
			isa = PBXResourcesBuildPhase;
			buildActionMask = 2147483647;
			files = (
			);
			runOnlyForDeploymentPostprocessing = 0;
		};
		4B07B2901DDD430200B2E5A7 /* Resources */ = {
			isa = PBXResourcesBuildPhase;
			buildActionMask = 2147483647;
			files = (
			);
			runOnlyForDeploymentPostprocessing = 0;
		};
/* End PBXResourcesBuildPhase section */

/* Begin PBXSourcesBuildPhase section */
		4B07B26F1DDD430100B2E5A7 /* Sources */ = {
			isa = PBXSourcesBuildPhase;
			buildActionMask = 2147483647;
			files = (
				4B07B2791DDD430100B2E5A7 /* ViewController.swift in Sources */,
				4B07B2771DDD430100B2E5A7 /* AppDelegate.swift in Sources */,
			);
			runOnlyForDeploymentPostprocessing = 0;
		};
		4B07B2831DDD430200B2E5A7 /* Sources */ = {
			isa = PBXSourcesBuildPhase;
			buildActionMask = 2147483647;
			files = (
				4B07B28C1DDD430200B2E5A7 /* WorldClockTutorial_SwiftTests.swift in Sources */,
			);
			runOnlyForDeploymentPostprocessing = 0;
		};
		4B07B28E1DDD430200B2E5A7 /* Sources */ = {
			isa = PBXSourcesBuildPhase;
			buildActionMask = 2147483647;
			files = (
				4B07B2971DDD430200B2E5A7 /* WorldClockTutorial_SwiftUITests.swift in Sources */,
			);
			runOnlyForDeploymentPostprocessing = 0;
		};
/* End PBXSourcesBuildPhase section */

/* Begin PBXTargetDependency section */
		4B07B2891DDD430200B2E5A7 /* PBXTargetDependency */ = {
			isa = PBXTargetDependency;
			target = 4B07B2721DDD430100B2E5A7 /* WorldClockTutorial-Swift */;
			targetProxy = 4B07B2881DDD430200B2E5A7 /* PBXContainerItemProxy */;
		};
		4B07B2941DDD430200B2E5A7 /* PBXTargetDependency */ = {
			isa = PBXTargetDependency;
			target = 4B07B2721DDD430100B2E5A7 /* WorldClockTutorial-Swift */;
			targetProxy = 4B07B2931DDD430200B2E5A7 /* PBXContainerItemProxy */;
		};
/* End PBXTargetDependency section */

/* Begin PBXVariantGroup section */
		4B07B27A1DDD430100B2E5A7 /* Main.storyboard */ = {
			isa = PBXVariantGroup;
			children = (
				4B07B27B1DDD430100B2E5A7 /* Base */,
			);
			name = Main.storyboard;
			sourceTree = "<group>";
		};
		4B07B27F1DDD430100B2E5A7 /* LaunchScreen.storyboard */ = {
			isa = PBXVariantGroup;
			children = (
				4B07B2801DDD430100B2E5A7 /* Base */,
			);
			name = LaunchScreen.storyboard;
			sourceTree = "<group>";
		};
/* End PBXVariantGroup section */

/* Begin XCBuildConfiguration section */
		4B07B2991DDD430200B2E5A7 /* Debug */ = {
			isa = XCBuildConfiguration;
			buildSettings = {
				ALWAYS_SEARCH_USER_PATHS = NO;
				CLANG_ANALYZER_NONNULL = YES;
				CLANG_CXX_LANGUAGE_STANDARD = "gnu++0x";
				CLANG_CXX_LIBRARY = "libc++";
				CLANG_ENABLE_MODULES = YES;
				CLANG_ENABLE_OBJC_ARC = YES;
				CLANG_WARN_BOOL_CONVERSION = YES;
				CLANG_WARN_CONSTANT_CONVERSION = YES;
				CLANG_WARN_DIRECT_OBJC_ISA_USAGE = YES_ERROR;
				CLANG_WARN_DOCUMENTATION_COMMENTS = YES;
				CLANG_WARN_EMPTY_BODY = YES;
				CLANG_WARN_ENUM_CONVERSION = YES;
				CLANG_WARN_INFINITE_RECURSION = YES;
				CLANG_WARN_INT_CONVERSION = YES;
				CLANG_WARN_OBJC_ROOT_CLASS = YES_ERROR;
				CLANG_WARN_SUSPICIOUS_MOVES = YES;
				CLANG_WARN_UNREACHABLE_CODE = YES;
				CLANG_WARN__DUPLICATE_METHOD_MATCH = YES;
				"CODE_SIGN_IDENTITY[sdk=iphoneos*]" = "iPhone Developer";
				COPY_PHASE_STRIP = NO;
				DEBUG_INFORMATION_FORMAT = dwarf;
				ENABLE_STRICT_OBJC_MSGSEND = YES;
				ENABLE_TESTABILITY = YES;
				GCC_C_LANGUAGE_STANDARD = gnu99;
				GCC_DYNAMIC_NO_PIC = NO;
				GCC_NO_COMMON_BLOCKS = YES;
				GCC_OPTIMIZATION_LEVEL = 0;
				GCC_PREPROCESSOR_DEFINITIONS = (
					"DEBUG=1",
					"$(inherited)",
				);
				GCC_WARN_64_TO_32_BIT_CONVERSION = YES;
				GCC_WARN_ABOUT_RETURN_TYPE = YES_ERROR;
				GCC_WARN_UNDECLARED_SELECTOR = YES;
				GCC_WARN_UNINITIALIZED_AUTOS = YES_AGGRESSIVE;
				GCC_WARN_UNUSED_FUNCTION = YES;
				GCC_WARN_UNUSED_VARIABLE = YES;
				IPHONEOS_DEPLOYMENT_TARGET = 10.1;
				MTL_ENABLE_DEBUG_INFO = YES;
				ONLY_ACTIVE_ARCH = YES;
				SDKROOT = iphoneos;
				SWIFT_ACTIVE_COMPILATION_CONDITIONS = DEBUG;
				SWIFT_OPTIMIZATION_LEVEL = "-Onone";
			};
			name = Debug;
		};
		4B07B29A1DDD430200B2E5A7 /* Release */ = {
			isa = XCBuildConfiguration;
			buildSettings = {
				ALWAYS_SEARCH_USER_PATHS = NO;
				CLANG_ANALYZER_NONNULL = YES;
				CLANG_CXX_LANGUAGE_STANDARD = "gnu++0x";
				CLANG_CXX_LIBRARY = "libc++";
				CLANG_ENABLE_MODULES = YES;
				CLANG_ENABLE_OBJC_ARC = YES;
				CLANG_WARN_BOOL_CONVERSION = YES;
				CLANG_WARN_CONSTANT_CONVERSION = YES;
				CLANG_WARN_DIRECT_OBJC_ISA_USAGE = YES_ERROR;
				CLANG_WARN_DOCUMENTATION_COMMENTS = YES;
				CLANG_WARN_EMPTY_BODY = YES;
				CLANG_WARN_ENUM_CONVERSION = YES;
				CLANG_WARN_INFINITE_RECURSION = YES;
				CLANG_WARN_INT_CONVERSION = YES;
				CLANG_WARN_OBJC_ROOT_CLASS = YES_ERROR;
				CLANG_WARN_SUSPICIOUS_MOVES = YES;
				CLANG_WARN_UNREACHABLE_CODE = YES;
				CLANG_WARN__DUPLICATE_METHOD_MATCH = YES;
				"CODE_SIGN_IDENTITY[sdk=iphoneos*]" = "iPhone Developer";
				COPY_PHASE_STRIP = NO;
				DEBUG_INFORMATION_FORMAT = "dwarf-with-dsym";
				ENABLE_NS_ASSERTIONS = NO;
				ENABLE_STRICT_OBJC_MSGSEND = YES;
				GCC_C_LANGUAGE_STANDARD = gnu99;
				GCC_NO_COMMON_BLOCKS = YES;
				GCC_WARN_64_TO_32_BIT_CONVERSION = YES;
				GCC_WARN_ABOUT_RETURN_TYPE = YES_ERROR;
				GCC_WARN_UNDECLARED_SELECTOR = YES;
				GCC_WARN_UNINITIALIZED_AUTOS = YES_AGGRESSIVE;
				GCC_WARN_UNUSED_FUNCTION = YES;
				GCC_WARN_UNUSED_VARIABLE = YES;
				IPHONEOS_DEPLOYMENT_TARGET = 10.1;
				MTL_ENABLE_DEBUG_INFO = NO;
				SDKROOT = iphoneos;
				SWIFT_OPTIMIZATION_LEVEL = "-Owholemodule";
				VALIDATE_PRODUCT = YES;
			};
			name = Release;
		};
		4B07B29C1DDD430200B2E5A7 /* Debug */ = {
			isa = XCBuildConfiguration;
			buildSettings = {
				ASSETCATALOG_COMPILER_APPICON_NAME = AppIcon;
				INFOPLIST_FILE = "WorldClockTutorial-Swift/Info.plist";
				LD_RUNPATH_SEARCH_PATHS = "$(inherited) @executable_path/Frameworks";
				PRODUCT_BUNDLE_IDENTIFIER = "com.jennifersipila.WorldClockTutorial-Swift";
				PRODUCT_NAME = "$(TARGET_NAME)";
				SWIFT_VERSION = 3.0;
			};
			name = Debug;
		};
		4B07B29D1DDD430200B2E5A7 /* Release */ = {
			isa = XCBuildConfiguration;
			buildSettings = {
				ASSETCATALOG_COMPILER_APPICON_NAME = AppIcon;
				INFOPLIST_FILE = "WorldClockTutorial-Swift/Info.plist";
				LD_RUNPATH_SEARCH_PATHS = "$(inherited) @executable_path/Frameworks";
				PRODUCT_BUNDLE_IDENTIFIER = "com.jennifersipila.WorldClockTutorial-Swift";
				PRODUCT_NAME = "$(TARGET_NAME)";
				SWIFT_VERSION = 3.0;
			};
			name = Release;
		};
		4B07B29F1DDD430200B2E5A7 /* Debug */ = {
			isa = XCBuildConfiguration;
			buildSettings = {
				ALWAYS_EMBED_SWIFT_STANDARD_LIBRARIES = YES;
				BUNDLE_LOADER = "$(TEST_HOST)";
				INFOPLIST_FILE = "WorldClockTutorial-SwiftTests/Info.plist";
				LD_RUNPATH_SEARCH_PATHS = "$(inherited) @executable_path/Frameworks @loader_path/Frameworks";
				PRODUCT_BUNDLE_IDENTIFIER = "com.jennifersipila.WorldClockTutorial-SwiftTests";
				PRODUCT_NAME = "$(TARGET_NAME)";
				SWIFT_VERSION = 3.0;
				TEST_HOST = "$(BUILT_PRODUCTS_DIR)/WorldClockTutorial-Swift.app/WorldClockTutorial-Swift";
			};
			name = Debug;
		};
		4B07B2A01DDD430200B2E5A7 /* Release */ = {
			isa = XCBuildConfiguration;
			buildSettings = {
				ALWAYS_EMBED_SWIFT_STANDARD_LIBRARIES = YES;
				BUNDLE_LOADER = "$(TEST_HOST)";
				INFOPLIST_FILE = "WorldClockTutorial-SwiftTests/Info.plist";
				LD_RUNPATH_SEARCH_PATHS = "$(inherited) @executable_path/Frameworks @loader_path/Frameworks";
				PRODUCT_BUNDLE_IDENTIFIER = "com.jennifersipila.WorldClockTutorial-SwiftTests";
				PRODUCT_NAME = "$(TARGET_NAME)";
				SWIFT_VERSION = 3.0;
				TEST_HOST = "$(BUILT_PRODUCTS_DIR)/WorldClockTutorial-Swift.app/WorldClockTutorial-Swift";
			};
			name = Release;
		};
		4B07B2A21DDD430200B2E5A7 /* Debug */ = {
			isa = XCBuildConfiguration;
			buildSettings = {
				ALWAYS_EMBED_SWIFT_STANDARD_LIBRARIES = YES;
				INFOPLIST_FILE = "WorldClockTutorial-SwiftUITests/Info.plist";
				LD_RUNPATH_SEARCH_PATHS = "$(inherited) @executable_path/Frameworks @loader_path/Frameworks";
				PRODUCT_BUNDLE_IDENTIFIER = "com.jennifersipila.WorldClockTutorial-SwiftUITests";
				PRODUCT_NAME = "$(TARGET_NAME)";
				SWIFT_VERSION = 3.0;
				TEST_TARGET_NAME = "WorldClockTutorial-Swift";
			};
			name = Debug;
		};
		4B07B2A31DDD430200B2E5A7 /* Release */ = {
			isa = XCBuildConfiguration;
			buildSettings = {
				ALWAYS_EMBED_SWIFT_STANDARD_LIBRARIES = YES;
				INFOPLIST_FILE = "WorldClockTutorial-SwiftUITests/Info.plist";
				LD_RUNPATH_SEARCH_PATHS = "$(inherited) @executable_path/Frameworks @loader_path/Frameworks";
				PRODUCT_BUNDLE_IDENTIFIER = "com.jennifersipila.WorldClockTutorial-SwiftUITests";
				PRODUCT_NAME = "$(TARGET_NAME)";
				SWIFT_VERSION = 3.0;
				TEST_TARGET_NAME = "WorldClockTutorial-Swift";
			};
			name = Release;
		};
/* End XCBuildConfiguration section */

/* Begin XCConfigurationList section */
		4B07B26E1DDD430100B2E5A7 /* Build configuration list for PBXProject "WorldClockTutorial-Swift" */ = {
			isa = XCConfigurationList;
			buildConfigurations = (
				4B07B2991DDD430200B2E5A7 /* Debug */,
				4B07B29A1DDD430200B2E5A7 /* Release */,
			);
			defaultConfigurationIsVisible = 0;
			defaultConfigurationName = Release;
		};
		4B07B29B1DDD430200B2E5A7 /* Build configuration list for PBXNativeTarget "WorldClockTutorial-Swift" */ = {
			isa = XCConfigurationList;
			buildConfigurations = (
				4B07B29C1DDD430200B2E5A7 /* Debug */,
				4B07B29D1DDD430200B2E5A7 /* Release */,
			);
			defaultConfigurationIsVisible = 0;
		};
		4B07B29E1DDD430200B2E5A7 /* Build configuration list for PBXNativeTarget "WorldClockTutorial-SwiftTests" */ = {
			isa = XCConfigurationList;
			buildConfigurations = (
				4B07B29F1DDD430200B2E5A7 /* Debug */,
				4B07B2A01DDD430200B2E5A7 /* Release */,
			);
			defaultConfigurationIsVisible = 0;
		};
		4B07B2A11DDD430200B2E5A7 /* Build configuration list for PBXNativeTarget "WorldClockTutorial-SwiftUITests" */ = {
			isa = XCConfigurationList;
			buildConfigurations = (
				4B07B2A21DDD430200B2E5A7 /* Debug */,
				4B07B2A31DDD430200B2E5A7 /* Release */,
			);
			defaultConfigurationIsVisible = 0;
		};
/* End XCConfigurationList section */
	};
	rootObject = 4B07B26B1DDD430100B2E5A7 /* Project object */;
}
